// !$*UTF8*$!
{
	archiveVersion = 1;
	classes = {
	};
	objectVersion = 50;
	objects = {

/* Begin PBXBuildFile section */
		75FCD610223808A400ED1438 /* AppDelegate.swift in Sources */ = {isa = PBXBuildFile; fileRef = 75FCD60F223808A400ED1438 /* AppDelegate.swift */; };
		75FCD612223808A400ED1438 /* ViewController.swift in Sources */ = {isa = PBXBuildFile; fileRef = 75FCD611223808A400ED1438 /* ViewController.swift */; };
		75FCD615223808A400ED1438 /* Main.storyboard in Resources */ = {isa = PBXBuildFile; fileRef = 75FCD613223808A400ED1438 /* Main.storyboard */; };
		75FCD617223808A600ED1438 /* Assets.xcassets in Resources */ = {isa = PBXBuildFile; fileRef = 75FCD616223808A600ED1438 /* Assets.xcassets */; };
		75FCD61A223808A600ED1438 /* LaunchScreen.storyboard in Resources */ = {isa = PBXBuildFile; fileRef = 75FCD618223808A600ED1438 /* LaunchScreen.storyboard */; };
		75FCD625223808A600ED1438 /* Prime_or_NotTests.swift in Sources */ = {isa = PBXBuildFile; fileRef = 75FCD624223808A600ED1438 /* Prime_or_NotTests.swift */; };
		75FCD630223808A600ED1438 /* Prime_or_NotUITests.swift in Sources */ = {isa = PBXBuildFile; fileRef = 75FCD62F223808A600ED1438 /* Prime_or_NotUITests.swift */; };
/* End PBXBuildFile section */

/* Begin PBXContainerItemProxy section */
		75FCD621223808A600ED1438 /* PBXContainerItemProxy */ = {
			isa = PBXContainerItemProxy;
			containerPortal = 75FCD604223808A400ED1438 /* Project object */;
			proxyType = 1;
			remoteGlobalIDString = 75FCD60B223808A400ED1438;
			remoteInfo = "Prime or Not";
		};
		75FCD62C223808A600ED1438 /* PBXContainerItemProxy */ = {
			isa = PBXContainerItemProxy;
			containerPortal = 75FCD604223808A400ED1438 /* Project object */;
			proxyType = 1;
			remoteGlobalIDString = 75FCD60B223808A400ED1438;
			remoteInfo = "Prime or Not";
		};
/* End PBXContainerItemProxy section */

/* Begin PBXFileReference section */
		75FCD60C223808A400ED1438 /* Prime or Not.app */ = {isa = PBXFileReference; explicitFileType = wrapper.application; includeInIndex = 0; path = "Prime or Not.app"; sourceTree = BUILT_PRODUCTS_DIR; };
		75FCD60F223808A400ED1438 /* AppDelegate.swift */ = {isa = PBXFileReference; lastKnownFileType = sourcecode.swift; path = AppDelegate.swift; sourceTree = "<group>"; };
		75FCD611223808A400ED1438 /* ViewController.swift */ = {isa = PBXFileReference; lastKnownFileType = sourcecode.swift; path = ViewController.swift; sourceTree = "<group>"; };
		75FCD614223808A400ED1438 /* Base */ = {isa = PBXFileReference; lastKnownFileType = file.storyboard; name = Base; path = Base.lproj/Main.storyboard; sourceTree = "<group>"; };
		75FCD616223808A600ED1438 /* Assets.xcassets */ = {isa = PBXFileReference; lastKnownFileType = folder.assetcatalog; path = Assets.xcassets; sourceTree = "<group>"; };
		75FCD619223808A600ED1438 /* Base */ = {isa = PBXFileReference; lastKnownFileType = file.storyboard; name = Base; path = Base.lproj/LaunchScreen.storyboard; sourceTree = "<group>"; };
		75FCD61B223808A600ED1438 /* Info.plist */ = {isa = PBXFileReference; lastKnownFileType = text.plist.xml; path = Info.plist; sourceTree = "<group>"; };
		75FCD620223808A600ED1438 /* Prime or NotTests.xctest */ = {isa = PBXFileReference; explicitFileType = wrapper.cfbundle; includeInIndex = 0; path = "Prime or NotTests.xctest"; sourceTree = BUILT_PRODUCTS_DIR; };
		75FCD624223808A600ED1438 /* Prime_or_NotTests.swift */ = {isa = PBXFileReference; lastKnownFileType = sourcecode.swift; path = Prime_or_NotTests.swift; sourceTree = "<group>"; };
		75FCD626223808A600ED1438 /* Info.plist */ = {isa = PBXFileReference; lastKnownFileType = text.plist.xml; path = Info.plist; sourceTree = "<group>"; };
		75FCD62B223808A600ED1438 /* Prime or NotUITests.xctest */ = {isa = PBXFileReference; explicitFileType = wrapper.cfbundle; includeInIndex = 0; path = "Prime or NotUITests.xctest"; sourceTree = BUILT_PRODUCTS_DIR; };
		75FCD62F223808A600ED1438 /* Prime_or_NotUITests.swift */ = {isa = PBXFileReference; lastKnownFileType = sourcecode.swift; path = Prime_or_NotUITests.swift; sourceTree = "<group>"; };
		75FCD631223808A600ED1438 /* Info.plist */ = {isa = PBXFileReference; lastKnownFileType = text.plist.xml; path = Info.plist; sourceTree = "<group>"; };
/* End PBXFileReference section */

/* Begin PBXFrameworksBuildPhase section */
		75FCD609223808A400ED1438 /* Frameworks */ = {
			isa = PBXFrameworksBuildPhase;
			buildActionMask = 2147483647;
			files = (
			);
			runOnlyForDeploymentPostprocessing = 0;
		};
		75FCD61D223808A600ED1438 /* Frameworks */ = {
			isa = PBXFrameworksBuildPhase;
			buildActionMask = 2147483647;
			files = (
			);
			runOnlyForDeploymentPostprocessing = 0;
		};
		75FCD628223808A600ED1438 /* Frameworks */ = {
			isa = PBXFrameworksBuildPhase;
			buildActionMask = 2147483647;
			files = (
			);
			runOnlyForDeploymentPostprocessing = 0;
		};
/* End PBXFrameworksBuildPhase section */

/* Begin PBXGroup section */
		75FCD603223808A400ED1438 = {
			isa = PBXGroup;
			children = (
				75FCD60E223808A400ED1438 /* Prime or Not */,
				75FCD623223808A600ED1438 /* Prime or NotTests */,
				75FCD62E223808A600ED1438 /* Prime or NotUITests */,
				75FCD60D223808A400ED1438 /* Products */,
			);
			sourceTree = "<group>";
		};
		75FCD60D223808A400ED1438 /* Products */ = {
			isa = PBXGroup;
			children = (
				75FCD60C223808A400ED1438 /* Prime or Not.app */,
				75FCD620223808A600ED1438 /* Prime or NotTests.xctest */,
				75FCD62B223808A600ED1438 /* Prime or NotUITests.xctest */,
			);
			name = Products;
			sourceTree = "<group>";
		};
		75FCD60E223808A400ED1438 /* Prime or Not */ = {
			isa = PBXGroup;
			children = (
				75FCD60F223808A400ED1438 /* AppDelegate.swift */,
				75FCD611223808A400ED1438 /* ViewController.swift */,
				75FCD613223808A400ED1438 /* Main.storyboard */,
				75FCD616223808A600ED1438 /* Assets.xcassets */,
				75FCD618223808A600ED1438 /* LaunchScreen.storyboard */,
				75FCD61B223808A600ED1438 /* Info.plist */,
			);
			path = "Prime or Not";
			sourceTree = "<group>";
		};
		75FCD623223808A600ED1438 /* Prime or NotTests */ = {
			isa = PBXGroup;
			children = (
				75FCD624223808A600ED1438 /* Prime_or_NotTests.swift */,
				75FCD626223808A600ED1438 /* Info.plist */,
			);
			path = "Prime or NotTests";
			sourceTree = "<group>";
		};
		75FCD62E223808A600ED1438 /* Prime or NotUITests */ = {
			isa = PBXGroup;
			children = (
				75FCD62F223808A600ED1438 /* Prime_or_NotUITests.swift */,
				75FCD631223808A600ED1438 /* Info.plist */,
			);
			path = "Prime or NotUITests";
			sourceTree = "<group>";
		};
/* End PBXGroup section */

/* Begin PBXNativeTarget section */
		75FCD60B223808A400ED1438 /* Prime or Not */ = {
			isa = PBXNativeTarget;
			buildConfigurationList = 75FCD634223808A600ED1438 /* Build configuration list for PBXNativeTarget "Prime or Not" */;
			buildPhases = (
				75FCD608223808A400ED1438 /* Sources */,
				75FCD609223808A400ED1438 /* Frameworks */,
				75FCD60A223808A400ED1438 /* Resources */,
			);
			buildRules = (
			);
			dependencies = (
			);
			name = "Prime or Not";
			productName = "Prime or Not";
			productReference = 75FCD60C223808A400ED1438 /* Prime or Not.app */;
			productType = "com.apple.product-type.application";
		};
		75FCD61F223808A600ED1438 /* Prime or NotTests */ = {
			isa = PBXNativeTarget;
			buildConfigurationList = 75FCD637223808A600ED1438 /* Build configuration list for PBXNativeTarget "Prime or NotTests" */;
			buildPhases = (
				75FCD61C223808A600ED1438 /* Sources */,
				75FCD61D223808A600ED1438 /* Frameworks */,
				75FCD61E223808A600ED1438 /* Resources */,
			);
			buildRules = (
			);
			dependencies = (
				75FCD622223808A600ED1438 /* PBXTargetDependency */,
			);
			name = "Prime or NotTests";
			productName = "Prime or NotTests";
			productReference = 75FCD620223808A600ED1438 /* Prime or NotTests.xctest */;
			productType = "com.apple.product-type.bundle.unit-test";
		};
		75FCD62A223808A600ED1438 /* Prime or NotUITests */ = {
			isa = PBXNativeTarget;
			buildConfigurationList = 75FCD63A223808A600ED1438 /* Build configuration list for PBXNativeTarget "Prime or NotUITests" */;
			buildPhases = (
				75FCD627223808A600ED1438 /* Sources */,
				75FCD628223808A600ED1438 /* Frameworks */,
				75FCD629223808A600ED1438 /* Resources */,
			);
			buildRules = (
			);
			dependencies = (
				75FCD62D223808A600ED1438 /* PBXTargetDependency */,
			);
			name = "Prime or NotUITests";
			productName = "Prime or NotUITests";
			productReference = 75FCD62B223808A600ED1438 /* Prime or NotUITests.xctest */;
			productType = "com.apple.product-type.bundle.ui-testing";
		};
/* End PBXNativeTarget section */

/* Begin PBXProject section */
		75FCD604223808A400ED1438 /* Project object */ = {
			isa = PBXProject;
			attributes = {
				LastSwiftUpdateCheck = 1010;
				LastUpgradeCheck = 1010;
				ORGANIZATIONNAME = "Anurag A";
				TargetAttributes = {
					75FCD60B223808A400ED1438 = {
						CreatedOnToolsVersion = 10.1;
					};
					75FCD61F223808A600ED1438 = {
						CreatedOnToolsVersion = 10.1;
						TestTargetID = 75FCD60B223808A400ED1438;
					};
					75FCD62A223808A600ED1438 = {
						CreatedOnToolsVersion = 10.1;
						TestTargetID = 75FCD60B223808A400ED1438;
					};
				};
			};
			buildConfigurationList = 75FCD607223808A400ED1438 /* Build configuration list for PBXProject "Prime or Not" */;
			compatibilityVersion = "Xcode 9.3";
			developmentRegion = en;
			hasScannedForEncodings = 0;
			knownRegions = (
				en,
				Base,
			);
			mainGroup = 75FCD603223808A400ED1438;
			productRefGroup = 75FCD60D223808A400ED1438 /* Products */;
			projectDirPath = "";
			projectRoot = "";
			targets = (
				75FCD60B223808A400ED1438 /* Prime or Not */,
				75FCD61F223808A600ED1438 /* Prime or NotTests */,
				75FCD62A223808A600ED1438 /* Prime or NotUITests */,
			);
		};
/* End PBXProject section */

/* Begin PBXResourcesBuildPhase section */
		75FCD60A223808A400ED1438 /* Resources */ = {
			isa = PBXResourcesBuildPhase;
			buildActionMask = 2147483647;
			files = (
				75FCD61A223808A600ED1438 /* LaunchScreen.storyboard in Resources */,
				75FCD617223808A600ED1438 /* Assets.xcassets in Resources */,
				75FCD615223808A400ED1438 /* Main.storyboard in Resources */,
			);
			runOnlyForDeploymentPostprocessing = 0;
		};
		75FCD61E223808A600ED1438 /* Resources */ = {
			isa = PBXResourcesBuildPhase;
			buildActionMask = 2147483647;
			files = (
			);
			runOnlyForDeploymentPostprocessing = 0;
		};
		75FCD629223808A600ED1438 /* Resources */ = {
			isa = PBXResourcesBuildPhase;
			buildActionMask = 2147483647;
			files = (
			);
			runOnlyForDeploymentPostprocessing = 0;
		};
/* End PBXResourcesBuildPhase section */

/* Begin PBXSourcesBuildPhase section */
		75FCD608223808A400ED1438 /* Sources */ = {
			isa = PBXSourcesBuildPhase;
			buildActionMask = 2147483647;
			files = (
				75FCD612223808A400ED1438 /* ViewController.swift in Sources */,
				75FCD610223808A400ED1438 /* AppDelegate.swift in Sources */,
			);
			runOnlyForDeploymentPostprocessing = 0;
		};
		75FCD61C223808A600ED1438 /* Sources */ = {
			isa = PBXSourcesBuildPhase;
			buildActionMask = 2147483647;
			files = (
				75FCD625223808A600ED1438 /* Prime_or_NotTests.swift in Sources */,
			);
			runOnlyForDeploymentPostprocessing = 0;
		};
		75FCD627223808A600ED1438 /* Sources */ = {
			isa = PBXSourcesBuildPhase;
			buildActionMask = 2147483647;
			files = (
				75FCD630223808A600ED1438 /* Prime_or_NotUITests.swift in Sources */,
			);
			runOnlyForDeploymentPostprocessing = 0;
		};
/* End PBXSourcesBuildPhase section */

/* Begin PBXTargetDependency section */
		75FCD622223808A600ED1438 /* PBXTargetDependency */ = {
			isa = PBXTargetDependency;
			target = 75FCD60B223808A400ED1438 /* Prime or Not */;
			targetProxy = 75FCD621223808A600ED1438 /* PBXContainerItemProxy */;
		};
		75FCD62D223808A600ED1438 /* PBXTargetDependency */ = {
			isa = PBXTargetDependency;
			target = 75FCD60B223808A400ED1438 /* Prime or Not */;
			targetProxy = 75FCD62C223808A600ED1438 /* PBXContainerItemProxy */;
		};
/* End PBXTargetDependency section */

/* Begin PBXVariantGroup section */
		75FCD613223808A400ED1438 /* Main.storyboard */ = {
			isa = PBXVariantGroup;
			children = (
				75FCD614223808A400ED1438 /* Base */,
			);
			name = Main.storyboard;
			sourceTree = "<group>";
		};
		75FCD618223808A600ED1438 /* LaunchScreen.storyboard */ = {
			isa = PBXVariantGroup;
			children = (
				75FCD619223808A600ED1438 /* Base */,
			);
			name = LaunchScreen.storyboard;
			sourceTree = "<group>";
		};
/* End PBXVariantGroup section */

/* Begin XCBuildConfiguration section */
		75FCD632223808A600ED1438 /* Debug */ = {
			isa = XCBuildConfiguration;
			buildSettings = {
				ALWAYS_SEARCH_USER_PATHS = NO;
				CLANG_ANALYZER_NONNULL = YES;
				CLANG_ANALYZER_NUMBER_OBJECT_CONVERSION = YES_AGGRESSIVE;
				CLANG_CXX_LANGUAGE_STANDARD = "gnu++14";
				CLANG_CXX_LIBRARY = "libc++";
				CLANG_ENABLE_MODULES = YES;
				CLANG_ENABLE_OBJC_ARC = YES;
				CLANG_ENABLE_OBJC_WEAK = YES;
				CLANG_WARN_BLOCK_CAPTURE_AUTORELEASING = YES;
				CLANG_WARN_BOOL_CONVERSION = YES;
				CLANG_WARN_COMMA = YES;
				CLANG_WARN_CONSTANT_CONVERSION = YES;
				CLANG_WARN_DEPRECATED_OBJC_IMPLEMENTATIONS = YES;
				CLANG_WARN_DIRECT_OBJC_ISA_USAGE = YES_ERROR;
				CLANG_WARN_DOCUMENTATION_COMMENTS = YES;
				CLANG_WARN_EMPTY_BODY = YES;
				CLANG_WARN_ENUM_CONVERSION = YES;
				CLANG_WARN_INFINITE_RECURSION = YES;
				CLANG_WARN_INT_CONVERSION = YES;
				CLANG_WARN_NON_LITERAL_NULL_CONVERSION = YES;
				CLANG_WARN_OBJC_IMPLICIT_RETAIN_SELF = YES;
				CLANG_WARN_OBJC_LITERAL_CONVERSION = YES;
				CLANG_WARN_OBJC_ROOT_CLASS = YES_ERROR;
				CLANG_WARN_RANGE_LOOP_ANALYSIS = YES;
				CLANG_WARN_STRICT_PROTOTYPES = YES;
				CLANG_WARN_SUSPICIOUS_MOVE = YES;
				CLANG_WARN_UNGUARDED_AVAILABILITY = YES_AGGRESSIVE;
				CLANG_WARN_UNREACHABLE_CODE = YES;
				CLANG_WARN__DUPLICATE_METHOD_MATCH = YES;
				CODE_SIGN_IDENTITY = "iPhone Developer";
				COPY_PHASE_STRIP = NO;
				DEBUG_INFORMATION_FORMAT = dwarf;
				ENABLE_STRICT_OBJC_MSGSEND = YES;
				ENABLE_TESTABILITY = YES;
				GCC_C_LANGUAGE_STANDARD = gnu11;
				GCC_DYNAMIC_NO_PIC = NO;
				GCC_NO_COMMON_BLOCKS = YES;
				GCC_OPTIMIZATION_LEVEL = 0;
				GCC_PREPROCESSOR_DEFINITIONS = (
					"DEBUG=1",
					"$(inherited)",
				);
				GCC_WARN_64_TO_32_BIT_CONVERSION = YES;
				GCC_WARN_ABOUT_RETURN_TYPE = YES_ERROR;
				GCC_WARN_UNDECLARED_SELECTOR = YES;
				GCC_WARN_UNINITIALIZED_AUTOS = YES_AGGRESSIVE;
				GCC_WARN_UNUSED_FUNCTION = YES;
				GCC_WARN_UNUSED_VARIABLE = YES;
				IPHONEOS_DEPLOYMENT_TARGET = 12.1;
				MTL_ENABLE_DEBUG_INFO = INCLUDE_SOURCE;
				MTL_FAST_MATH = YES;
				ONLY_ACTIVE_ARCH = YES;
				SDKROOT = iphoneos;
				SWIFT_ACTIVE_COMPILATION_CONDITIONS = DEBUG;
				SWIFT_OPTIMIZATION_LEVEL = "-Onone";
			};
			name = Debug;
		};
		75FCD633223808A600ED1438 /* Release */ = {
			isa = XCBuildConfiguration;
			buildSettings = {
				ALWAYS_SEARCH_USER_PATHS = NO;
				CLANG_ANALYZER_NONNULL = YES;
				CLANG_ANALYZER_NUMBER_OBJECT_CONVERSION = YES_AGGRESSIVE;
				CLANG_CXX_LANGUAGE_STANDARD = "gnu++14";
				CLANG_CXX_LIBRARY = "libc++";
				CLANG_ENABLE_MODULES = YES;
				CLANG_ENABLE_OBJC_ARC = YES;
				CLANG_ENABLE_OBJC_WEAK = YES;
				CLANG_WARN_BLOCK_CAPTURE_AUTORELEASING = YES;
				CLANG_WARN_BOOL_CONVERSION = YES;
				CLANG_WARN_COMMA = YES;
				CLANG_WARN_CONSTANT_CONVERSION = YES;
				CLANG_WARN_DEPRECATED_OBJC_IMPLEMENTATIONS = YES;
				CLANG_WARN_DIRECT_OBJC_ISA_USAGE = YES_ERROR;
				CLANG_WARN_DOCUMENTATION_COMMENTS = YES;
				CLANG_WARN_EMPTY_BODY = YES;
				CLANG_WARN_ENUM_CONVERSION = YES;
				CLANG_WARN_INFINITE_RECURSION = YES;
				CLANG_WARN_INT_CONVERSION = YES;
				CLANG_WARN_NON_LITERAL_NULL_CONVERSION = YES;
				CLANG_WARN_OBJC_IMPLICIT_RETAIN_SELF = YES;
				CLANG_WARN_OBJC_LITERAL_CONVERSION = YES;
				CLANG_WARN_OBJC_ROOT_CLASS = YES_ERROR;
				CLANG_WARN_RANGE_LOOP_ANALYSIS = YES;
				CLANG_WARN_STRICT_PROTOTYPES = YES;
				CLANG_WARN_SUSPICIOUS_MOVE = YES;
				CLANG_WARN_UNGUARDED_AVAILABILITY = YES_AGGRESSIVE;
				CLANG_WARN_UNREACHABLE_CODE = YES;
				CLANG_WARN__DUPLICATE_METHOD_MATCH = YES;
				CODE_SIGN_IDENTITY = "iPhone Developer";
				COPY_PHASE_STRIP = NO;
				DEBUG_INFORMATION_FORMAT = "dwarf-with-dsym";
				ENABLE_NS_ASSERTIONS = NO;
				ENABLE_STRICT_OBJC_MSGSEND = YES;
				GCC_C_LANGUAGE_STANDARD = gnu11;
				GCC_NO_COMMON_BLOCKS = YES;
				GCC_WARN_64_TO_32_BIT_CONVERSION = YES;
				GCC_WARN_ABOUT_RETURN_TYPE = YES_ERROR;
				GCC_WARN_UNDECLARED_SELECTOR = YES;
				GCC_WARN_UNINITIALIZED_AUTOS = YES_AGGRESSIVE;
				GCC_WARN_UNUSED_FUNCTION = YES;
				GCC_WARN_UNUSED_VARIABLE = YES;
				IPHONEOS_DEPLOYMENT_TARGET = 12.1;
				MTL_ENABLE_DEBUG_INFO = NO;
				MTL_FAST_MATH = YES;
				SDKROOT = iphoneos;
				SWIFT_COMPILATION_MODE = wholemodule;
				SWIFT_OPTIMIZATION_LEVEL = "-O";
				VALIDATE_PRODUCT = YES;
			};
			name = Release;
		};
		75FCD635223808A600ED1438 /* Debug */ = {
			isa = XCBuildConfiguration;
			buildSettings = {
				ASSETCATALOG_COMPILER_APPICON_NAME = AppIcon;
				CODE_SIGN_STYLE = Automatic;
				INFOPLIST_FILE = "Prime or Not/Info.plist";
				LD_RUNPATH_SEARCH_PATHS = (
					"$(inherited)",
					"@executable_path/Frameworks",
				);
				PRODUCT_BUNDLE_IDENTIFIER = "com.anurag.Prime-or-Not";
				PRODUCT_NAME = "$(TARGET_NAME)";
				SWIFT_VERSION = 4.2;
				TARGETED_DEVICE_FAMILY = "1,2";
			};
			name = Debug;
		};
		75FCD636223808A600ED1438 /* Release */ = {
			isa = XCBuildConfiguration;
			buildSettings = {
				ASSETCATALOG_COMPILER_APPICON_NAME = AppIcon;
				CODE_SIGN_STYLE = Automatic;
				INFOPLIST_FILE = "Prime or Not/Info.plist";
				LD_RUNPATH_SEARCH_PATHS = (
					"$(inherited)",
					"@executable_path/Frameworks",
				);
				PRODUCT_BUNDLE_IDENTIFIER = "com.anurag.Prime-or-Not";
				PRODUCT_NAME = "$(TARGET_NAME)";
				SWIFT_VERSION = 4.2;
				TARGETED_DEVICE_FAMILY = "1,2";
			};
			name = Release;
		};
		75FCD638223808A600ED1438 /* Debug */ = {
			isa = XCBuildConfiguration;
			buildSettings = {
				ALWAYS_EMBED_SWIFT_STANDARD_LIBRARIES = YES;
				BUNDLE_LOADER = "$(TEST_HOST)";
				CODE_SIGN_STYLE = Automatic;
				INFOPLIST_FILE = "Prime or NotTests/Info.plist";
				LD_RUNPATH_SEARCH_PATHS = (
					"$(inherited)",
					"@executable_path/Frameworks",
					"@loader_path/Frameworks",
				);
				PRODUCT_BUNDLE_IDENTIFIER = "com.anurag.Prime-or-NotTests";
				PRODUCT_NAME = "$(TARGET_NAME)";
				SWIFT_VERSION = 4.2;
				TARGETED_DEVICE_FAMILY = "1,2";
				TEST_HOST = "$(BUILT_PRODUCTS_DIR)/Prime or Not.app/Prime or Not";
			};
			name = Debug;
		};
		75FCD639223808A600ED1438 /* Release */ = {
			isa = XCBuildConfiguration;
			buildSettings = {
				ALWAYS_EMBED_SWIFT_STANDARD_LIBRARIES = YES;
				BUNDLE_LOADER = "$(TEST_HOST)";
				CODE_SIGN_STYLE = Automatic;
				INFOPLIST_FILE = "Prime or NotTests/Info.plist";
				LD_RUNPATH_SEARCH_PATHS = (
					"$(inherited)",
					"@executable_path/Frameworks",
					"@loader_path/Frameworks",
				);
				PRODUCT_BUNDLE_IDENTIFIER = "com.anurag.Prime-or-NotTests";
				PRODUCT_NAME = "$(TARGET_NAME)";
				SWIFT_VERSION = 4.2;
				TARGETED_DEVICE_FAMILY = "1,2";
				TEST_HOST = "$(BUILT_PRODUCTS_DIR)/Prime or Not.app/Prime or Not";
			};
			name = Release;
		};
		75FCD63B223808A600ED1438 /* Debug */ = {
			isa = XCBuildConfiguration;
			buildSettings = {
				ALWAYS_EMBED_SWIFT_STANDARD_LIBRARIES = YES;
				CODE_SIGN_STYLE = Automatic;
				INFOPLIST_FILE = "Prime or NotUITests/Info.plist";
				LD_RUNPATH_SEARCH_PATHS = (
					"$(inherited)",
					"@executable_path/Frameworks",
					"@loader_path/Frameworks",
				);
				PRODUCT_BUNDLE_IDENTIFIER = "com.anurag.Prime-or-NotUITests";
				PRODUCT_NAME = "$(TARGET_NAME)";
				SWIFT_VERSION = 4.2;
				TARGETED_DEVICE_FAMILY = "1,2";
				TEST_TARGET_NAME = "Prime or Not";
			};
			name = Debug;
		};
		75FCD63C223808A600ED1438 /* Release */ = {
			isa = XCBuildConfiguration;
			buildSettings = {
				ALWAYS_EMBED_SWIFT_STANDARD_LIBRARIES = YES;
				CODE_SIGN_STYLE = Automatic;
				INFOPLIST_FILE = "Prime or NotUITests/Info.plist";
				LD_RUNPATH_SEARCH_PATHS = (
					"$(inherited)",
					"@executable_path/Frameworks",
					"@loader_path/Frameworks",
				);
				PRODUCT_BUNDLE_IDENTIFIER = "com.anurag.Prime-or-NotUITests";
				PRODUCT_NAME = "$(TARGET_NAME)";
				SWIFT_VERSION = 4.2;
				TARGETED_DEVICE_FAMILY = "1,2";
				TEST_TARGET_NAME = "Prime or Not";
			};
			name = Release;
		};
/* End XCBuildConfiguration section */

/* Begin XCConfigurationList section */
		75FCD607223808A400ED1438 /* Build configuration list for PBXProject "Prime or Not" */ = {
			isa = XCConfigurationList;
			buildConfigurations = (
				75FCD632223808A600ED1438 /* Debug */,
				75FCD633223808A600ED1438 /* Release */,
			);
			defaultConfigurationIsVisible = 0;
			defaultConfigurationName = Release;
		};
		75FCD634223808A600ED1438 /* Build configuration list for PBXNativeTarget "Prime or Not" */ = {
			isa = XCConfigurationList;
			buildConfigurations = (
				75FCD635223808A600ED1438 /* Debug */,
				75FCD636223808A600ED1438 /* Release */,
			);
			defaultConfigurationIsVisible = 0;
			defaultConfigurationName = Release;
		};
		75FCD637223808A600ED1438 /* Build configuration list for PBXNativeTarget "Prime or NotTests" */ = {
			isa = XCConfigurationList;
			buildConfigurations = (
				75FCD638223808A600ED1438 /* Debug */,
				75FCD639223808A600ED1438 /* Release */,
			);
			defaultConfigurationIsVisible = 0;
			defaultConfigurationName = Release;
		};
		75FCD63A223808A600ED1438 /* Build configuration list for PBXNativeTarget "Prime or NotUITests" */ = {
			isa = XCConfigurationList;
			buildConfigurations = (
				75FCD63B223808A600ED1438 /* Debug */,
				75FCD63C223808A600ED1438 /* Release */,
			);
			defaultConfigurationIsVisible = 0;
			defaultConfigurationName = Release;
		};
/* End XCConfigurationList section */
	};
	rootObject = 75FCD604223808A400ED1438 /* Project object */;
}
